{
  "name": "PROEVENTOS",
  "lockfileVersion": 3,
  "requires": true,
  "packages": {
    "": {
      "dependencies": {
        "collapse": "^1.0.1",
        "ngx-bootstrap": "^7.1.2"
      }
    },
    "node_modules/@angular/animations": {
      "version": "12.2.17",
      "resolved": "https://registry.npmjs.org/@angular/animations/-/animations-12.2.17.tgz",
      "integrity": "sha512-WVUcvKvr6wr9Nf3I2ksu5bFJ5xHhby4UEBTvOAdLpDqic+dzqtzVwAktDRprBSdxKQk1OlTw6jD4MsVEDKnZTg==",
      "peer": true,
      "dependencies": {
        "tslib": "^2.2.0"
      },
      "engines": {
        "node": "^12.14.1 || >=14.0.0"
      },
      "peerDependencies": {
        "@angular/core": "12.2.17"
      }
    },
    "node_modules/@angular/common": {
      "version": "12.2.17",
      "resolved": "https://registry.npmjs.org/@angular/common/-/common-12.2.17.tgz",
      "integrity": "sha512-/Rc83mzlL6YZScYTzg+Ng2hiCSf3jUVHAfQ8cyLOIMj/y8863Q+DMLVWW+ttvHwCjEFY44pC8IPyBl5FmSJYHg==",
      "peer": true,
      "dependencies": {
        "tslib": "^2.2.0"
      },
      "engines": {
        "node": "^12.14.1 || >=14.0.0"
      },
      "peerDependencies": {
        "@angular/core": "12.2.17",
        "rxjs": "^6.5.3 || ^7.0.0"
      }
    },
    "node_modules/@angular/core": {
      "version": "12.2.17",
      "resolved": "https://registry.npmjs.org/@angular/core/-/core-12.2.17.tgz",
      "integrity": "sha512-XUvTgU0D8XqNH5Y7UlTMk/XjUQaEGC0kZxhw/QSSQr65WrXtXmcD4d8Cg84TJ52uGXmf7IAruKvtbvu1Mbmvug==",
      "peer": true,
      "dependencies": {
        "tslib": "^2.2.0"
      },
      "engines": {
        "node": "^12.14.1 || >=14.0.0"
      },
      "peerDependencies": {
        "rxjs": "^6.5.3 || ^7.0.0",
        "zone.js": "~0.11.4"
      }
    },
    "node_modules/@angular/forms": {
      "version": "12.2.17",
      "resolved": "https://registry.npmjs.org/@angular/forms/-/forms-12.2.17.tgz",
      "integrity": "sha512-iOIAz5OR6yLWuNTSOSDqAffQ0FU71yw1QsOmltU/hBsO6H6smsIKVe8VlFa4SnBSAyVZXf/OhDRJ8gOqQT09mw==",
      "peer": true,
      "dependencies": {
        "tslib": "^2.2.0"
      },
      "engines": {
        "node": "^12.14.1 || >=14.0.0"
      },
      "peerDependencies": {
        "@angular/common": "12.2.17",
        "@angular/core": "12.2.17",
        "@angular/platform-browser": "12.2.17",
        "rxjs": "^6.5.3 || ^7.0.0"
      }
    },
    "node_modules/@angular/platform-browser": {
      "version": "12.2.17",
      "resolved": "https://registry.npmjs.org/@angular/platform-browser/-/platform-browser-12.2.17.tgz",
      "integrity": "sha512-fxs0FDEnS9mzd36u0bHd6TbCvRC9pqK0YCWNnoLCf5ALQtyIL8CpgGNjOMnO8mCEl5l9QTFCDvKOn4V3p7E/dg==",
      "peer": true,
      "dependencies": {
        "tslib": "^2.2.0"
      },
      "engines": {
        "node": "^12.14.1 || >=14.0.0"
      },
      "peerDependencies": {
        "@angular/animations": "12.2.17",
        "@angular/common": "12.2.17",
        "@angular/core": "12.2.17"
      },
      "peerDependenciesMeta": {
        "@angular/animations": {
          "optional": true
        }
      }
    },
    "node_modules/collapse": {
      "version": "1.0.1",
      "resolved": "https://registry.npmjs.org/collapse/-/collapse-1.0.1.tgz",
      "integrity": "sha512-saBSArGCKLSTy7FYWQutfEZHBSSAHzv0KgPj74K08JYXKveH9qbsWw7gX49EjlZb+ORC+9w68sB+s6ssfYvTcQ=="
    },
    "node_modules/ngx-bootstrap": {
      "version": "7.1.2",
      "resolved": "https://registry.npmjs.org/ngx-bootstrap/-/ngx-bootstrap-7.1.2.tgz",
      "integrity": "sha512-VsZwlGVM+qYOAdvEzzH3wqCjvj3yHec4n82Tho0ve6mhN1GTRu9WPrPmvxp3cFjIu8VQbREUeKPfK0ooO8U5eg==",
      "dependencies": {
        "tslib": "^2.0.0"
      },
      "peerDependencies": {
        "@angular/animations": "^11.0.0 || ^12.0.0",
        "@angular/common": "^11.0.0 || ^12.0.0",
        "@angular/core": "^11.0.0 || ^12.0.0",
        "@angular/forms": "^11.0.0 || ^12.0.0"
      }
    },
    "node_modules/rxjs": {
      "version": "7.8.1",
      "resolved": "https://registry.npmjs.org/rxjs/-/rxjs-7.8.1.tgz",
      "integrity": "sha512-AA3TVj+0A2iuIoQkWEK/tqFjBq2j+6PO6Y0zJcvzLAFhEFIO3HL0vls9hWLncZbAAbK0mar7oZ4V079I/qPMxg==",
      "peer": true,
      "dependencies": {
        "tslib": "^2.1.0"
      }
    },
    "node_modules/tslib": {
      "version": "2.5.3",
      "resolved": "https://registry.npmjs.org/tslib/-/tslib-2.5.3.tgz",
      "integrity": "sha512-mSxlJJwl3BMEQCUNnxXBU9jP4JBktcEGhURcPR6VQVlnP0FdDEsIaz0C35dXNGLyRfrATNofF0F5p2KPxQgB+w=="
    },
    "node_modules/zone.js": {
      "version": "0.11.8",
      "resolved": "https://registry.npmjs.org/zone.js/-/zone.js-0.11.8.tgz",
      "integrity": "sha512-82bctBg2hKcEJ21humWIkXRlLBBmrc3nN7DFh5LGGhcyycO2S7FN8NmdvlcKaGFDNVL4/9kFLmwmInTavdJERA==",
      "peer": true,
      "dependencies": {
        "tslib": "^2.3.0"
      }
    }
  }
}
